<?xml version="1.0" encoding="utf-8"?>
<Project ToolsVersion="4.0" xmlns="http://schemas.microsoft.com/developer/msbuild/2003">
  <ItemGroup>
    <Filter Include="Source Files">
      <UniqueIdentifier>{4FC737F1-C7A5-4376-A066-2A32D752A2FF}</UniqueIdentifier>
      <Extensions>cpp;c;cc;cxx;def;odl;idl;hpj;bat;asm;asmx</Extensions>
    </Filter>
    <Filter Include="Header Files">
      <UniqueIdentifier>{93995380-89BD-4b04-88EB-625FBE52EBFB}</UniqueIdentifier>
      <Extensions>h;hh;hpp;hxx;hm;inl;inc;ipp;xsd</Extensions>
    </Filter>
    <Filter Include="Resource Files">
      <UniqueIdentifier>{67DA6AB6-F800-4c08-8B7A-83BB121AAD01}</UniqueIdentifier>
      <Extensions>rc;ico;cur;bmp;dlg;rc2;rct;bin;rgs;gif;jpg;jpeg;jpe;resx;tiff;tif;png;wav;mfcribbon-ms</Extensions>
    </Filter>
  </ItemGroup>
  <ItemGroup>
    <ClCompile Include="engine\core\dependent\sdl\gl_sdl_render_manager.cpp">
      <Filter>Source Files</Filter>
    </ClCompile>
    <ClCompile Include="engine\core\dependent\sdl\gl_sdl_window.cpp">
      <Filter>Source Files</Filter>
    </ClCompile>
    <ClCompile Include="engine\core\dependent\sdl\sdl_event_manager.cpp">
      <Filter>Source Files</Filter>
    </ClCompile>
    <ClCompile Include="engine\core\entity_component\i_component.cpp">
      <Filter>Source Files</Filter>
    </ClCompile>
    <ClCompile Include="engine\core\entity_component\i_game_object.cpp">
      <Filter>Source Files</Filter>
    </ClCompile>
    <ClCompile Include="engine\core\util\signal.cpp">
      <Filter>Source Files</Filter>
    </ClCompile>
    <ClCompile Include="engine\core\engine.cpp">
      <Filter>Source Files</Filter>
    </ClCompile>
    <ClCompile Include="engine\core\event_manager.cpp">
      <Filter>Source Files</Filter>
    </ClCompile>
    <ClCompile Include="engine\core\event_util.cpp">
      <Filter>Source Files</Filter>
    </ClCompile>
    <ClCompile Include="engine\core\i_scene.cpp">
      <Filter>Source Files</Filter>
    </ClCompile>
    <ClCompile Include="engine\core\manager_factory.cpp">
      <Filter>Source Files</Filter>
    </ClCompile>
    <ClCompile Include="engine\core\render_manager.cpp">
      <Filter>Source Files</Filter>
    </ClCompile>
    <ClCompile Include="engine\core\scene_manager.cpp">
      <Filter>Source Files</Filter>
    </ClCompile>
    <ClCompile Include="engine\core\window_manager.cpp">
      <Filter>Source Files</Filter>
    </ClCompile>
    <ClCompile Include="engine\pav_pch.cpp">
      <Filter>Source Files</Filter>
    </ClCompile>
    <ClCompile Include="engine\core\entity_component\component_manager.cpp">
      <Filter>Source Files</Filter>
    </ClCompile>
    <ClCompile Include="engine\core\entity_component\game_object_manager.cpp">
      <Filter>Source Files</Filter>
    </ClCompile>
    <ClCompile Include="engine\core\entity_component\sec_manager.cpp">
      <Filter>Source Files</Filter>
    </ClCompile>
    <ClCompile Include="engine\core\resource_system\resource_pool.cpp">
      <Filter>Source Files</Filter>
    </ClCompile>
    <ClCompile Include="engine\core\resource_system\resource.cpp">
      <Filter>Source Files</Filter>
    </ClCompile>
    <ClCompile Include="example\scene\example_scene.cpp">
      <Filter>Source Files</Filter>
    </ClCompile>
    <ClCompile Include="example\example_main.cpp">
      <Filter>Source Files</Filter>
    </ClCompile>
    <ClCompile Include="engine\external\src\glad.c">
      <Filter>Source Files</Filter>
    </ClCompile>
    <ClCompile Include="engine\core\entity_component\component\transform_component.cpp">
      <Filter>Source Files</Filter>
    </ClCompile>
    <ClCompile Include="engine\core\eea\pav_assert.cpp">
      <Filter>Source Files</Filter>
    </ClCompile>
    <ClCompile Include="engine\core\entity_component\component\Box_Component.cpp">
      <Filter>Source Files</Filter>
    </ClCompile>
    <ClCompile Include="engine\core\entity_component\component\Capsule_Component.cpp">
      <Filter>Source Files</Filter>
    </ClCompile>
    <ClCompile Include="engine\core\graphics\vertex.cpp">
      <Filter>Source Files</Filter>
    </ClCompile>
    <ClCompile Include="engine\core\graphics\i_texture.cpp">
      <Filter>Source Files</Filter>
    </ClCompile>
    <ClCompile Include="engine\core\graphics\mesh.cpp">
      <Filter>Source Files</Filter>
    </ClCompile>
    <ClCompile Include="engine\core\graphics\model.cpp">
      <Filter>Source Files</Filter>
    </ClCompile>
    <ClCompile Include="Trees\QuadTreePartitionStrategy.cpp">
      <Filter>Source Files</Filter>
    </ClCompile>
    <ClCompile Include="Trees\SpatialTree.cpp">
      <Filter>Source Files</Filter>
    </ClCompile>
    <ClCompile Include="Trees\TreeNode.cpp">
      <Filter>Source Files</Filter>
    </ClCompile>
  </ItemGroup>
  <ItemGroup>
    <ClInclude Include="engine\core\dependent\sdl\gl_sdl_render_manager.h">
      <Filter>Header Files</Filter>
    </ClInclude>
    <ClInclude Include="engine\core\dependent\sdl\gl_sdl_window.h">
      <Filter>Header Files</Filter>
    </ClInclude>
    <ClInclude Include="engine\core\dependent\sdl\sdl_event_manager.h">
      <Filter>Header Files</Filter>
    </ClInclude>
    <ClInclude Include="engine\core\entity_component\i_component.h">
      <Filter>Header Files</Filter>
    </ClInclude>
    <ClInclude Include="engine\core\entity_component\i_game_object.h">
      <Filter>Header Files</Filter>
    </ClInclude>
    <ClInclude Include="engine\core\util\guid.h">
      <Filter>Header Files</Filter>
    </ClInclude>
    <ClInclude Include="engine\core\util\signal.h">
      <Filter>Header Files</Filter>
    </ClInclude>
    <ClInclude Include="engine\core\engine.h">
      <Filter>Header Files</Filter>
    </ClInclude>
    <ClInclude Include="engine\core\event_attorney.h">
      <Filter>Header Files</Filter>
    </ClInclude>
    <ClInclude Include="engine\core\event_manager.h">
      <Filter>Header Files</Filter>
    </ClInclude>
    <ClInclude Include="engine\core\event_util.h">
      <Filter>Header Files</Filter>
    </ClInclude>
    <ClInclude Include="engine\core\i_manager.h">
      <Filter>Header Files</Filter>
    </ClInclude>
    <ClInclude Include="engine\core\i_renderer.h">
      <Filter>Header Files</Filter>
    </ClInclude>
    <ClInclude Include="engine\core\i_scene.h">
      <Filter>Header Files</Filter>
    </ClInclude>
    <ClInclude Include="engine\core\i_window.h">
      <Filter>Header Files</Filter>
    </ClInclude>
    <ClInclude Include="engine\core\manager_factory.h">
      <Filter>Header Files</Filter>
    </ClInclude>
    <ClInclude Include="engine\core\render_manager.h">
      <Filter>Header Files</Filter>
    </ClInclude>
    <ClInclude Include="engine\core\scene_manager.h">
      <Filter>Header Files</Filter>
    </ClInclude>
    <ClInclude Include="engine\core\window_manager.h">
      <Filter>Header Files</Filter>
    </ClInclude>
    <ClInclude Include="engine\pav_pch.h">
      <Filter>Header Files</Filter>
    </ClInclude>
    <ClInclude Include="engine\pav_pcs.h">
      <Filter>Header Files</Filter>
    </ClInclude>
    <ClInclude Include="engine\core\entity_component\component_manager.h">
      <Filter>Header Files</Filter>
    </ClInclude>
    <ClInclude Include="engine\core\entity_component\game_object_manager.h">
      <Filter>Header Files</Filter>
    </ClInclude>
    <ClInclude Include="engine\core\entity_component\sec_manager.h">
      <Filter>Header Files</Filter>
    </ClInclude>
    <ClInclude Include="engine\core\resource_system\resource_pool.h">
      <Filter>Header Files</Filter>
    </ClInclude>
    <ClInclude Include="engine\core\resource_system\resource.h">
      <Filter>Header Files</Filter>
    </ClInclude>
    <ClInclude Include="example\scene\example_scene.h">
      <Filter>Header Files</Filter>
    </ClInclude>
    <ClInclude Include="engine\core\entity_component\component\transform_component.h">
      <Filter>Header Files</Filter>
    </ClInclude>
    <ClInclude Include="engine\core\eea\pav_assert.h">
      <Filter>Header Files</Filter>
    </ClInclude>
    <ClInclude Include="engine\core\entity_component\component\Box_Component.h">
      <Filter>Header Files</Filter>
    </ClInclude>
    <ClInclude Include="engine\core\entity_component\component\Capsule_Component.h">
      <Filter>Header Files</Filter>
    </ClInclude>
    <ClInclude Include="engine\core\graphics\i_texture.h">
      <Filter>Header Files</Filter>
    </ClInclude>
    <ClInclude Include="engine\core\graphics\vertex.h">
      <Filter>Header Files</Filter>
    </ClInclude>
    <ClInclude Include="engine\core\graphics\mesh.h">
      <Filter>Header Files</Filter>
    </ClInclude>
    <ClInclude Include="engine\core\graphics\model.h">
      <Filter>Header Files</Filter>
    </ClInclude>
    <ClInclude Include="Trees\ISpatialPartitionStrategy.h">
      <Filter>Header Files</Filter>
    </ClInclude>
    <ClInclude Include="Trees\KDTreePartitionStrategy.h">
      <Filter>Header Files</Filter>
    </ClInclude>
    <ClInclude Include="Trees\QuadTreePartitionStrategy.h">
      <Filter>Header Files</Filter>
    </ClInclude>
    <ClInclude Include="Trees\SpatialTree.h">
      <Filter>Header Files</Filter>
    </ClInclude>
    <ClInclude Include="Trees\TreeNode.h">
      <Filter>Header Files</Filter>
    </ClInclude>
  </ItemGroup>
</Project>